
Microsoft Visual Studio Solution File, Format Version 12.00
# Visual Studio Version 16
VisualStudioVersion = 16.0.29920.165
MinimumVisualStudioVersion = 10.0.40219.1
Project("{FAE04EC0-301F-11D3-BF4B-00C04F79EFBC}") = "Mouse2Touch", "Mouse2Touch\Mouse2Touch.csproj", "{36412A07-AA02-442F-A21A-2C93B5647B45}"
EndProject
Global
	GlobalSection(SolutionConfigurationPlatforms) = preSolution
		Debug|Any CPU = Debug|Any CPU
		Release|Any CPU = Release|Any CPU
	EndGlobalSection
	GlobalSection(ProjectConfigurationPlatforms) = postSolution
		{36412A07-AA02-442F-A21A-2C93B5647B45}.Debug|Any CPU.ActiveCfg = Debug|Any CPU
		{36412A07-AA02-442F-A21A-2C93B5647B45}.Debug|Any CPU.Build.0 = Debug|Any CPU
		{36412A07-AA02-442F-A21A-2C93B5647B45}.Release|Any CPU.ActiveCfg = Release|Any CPU
		{36412A07-AA02-442F-A21A-2C93B5647B45}.Release|Any CPU.Build.0 = Release|Any CPU
	EndGlobalSection
	GlobalSection(SolutionProperties) = preSolution
		HideSolutionNode = FALSE
	EndGlobalSection
	GlobalSection(ExtensibilityGlobals) = postSolution
		SolutionGuid = {5EBAA86A-AA8B-4688-9CBB-B00B58E426C5}
	EndGlobalSection
EndGlobal
